
Microsoft Visual Studio Solution File, Format Version 12.00
# Visual Studio Version 16
VisualStudioVersion = 16.0.30907.101
MinimumVisualStudioVersion = 10.0.40219.1
Project("{FAE04EC0-301F-11D3-BF4B-00C04F79EFBC}") = "DataAccess", "DataAccess\DataAccess.csproj", "{B59BCBDB-7D18-4845-BAFB-27775FD89ABC}"
EndProject
Project("{FAE04EC0-301F-11D3-BF4B-00C04F79EFBC}") = "Business", "Business\Business.csproj", "{E95F5D32-362C-4CD9-A256-151A9F812825}"
EndProject
Project("{FAE04EC0-301F-11D3-BF4B-00C04F79EFBC}") = "Entities", "Entities\Entities.csproj", "{F7A58AD9-3C1A-48CD-B39D-293080610FEE}"
EndProject
Project("{FAE04EC0-301F-11D3-BF4B-00C04F79EFBC}") = "ConsoleUI", "ConsoleUI\ConsoleUI.csproj", "{AA12D655-8EE6-4911-AE4C-28BEB84B1E44}"
EndProject
Global
	GlobalSection(SolutionConfigurationPlatforms) = preSolution
		Debug|Any CPU = Debug|Any CPU
		Release|Any CPU = Release|Any CPU
	EndGlobalSection
	GlobalSection(ProjectConfigurationPlatforms) = postSolution
		{B59BCBDB-7D18-4845-BAFB-27775FD89ABC}.Debug|Any CPU.ActiveCfg = Debug|Any CPU
		{B59BCBDB-7D18-4845-BAFB-27775FD89ABC}.Debug|Any CPU.Build.0 = Debug|Any CPU
		{B59BCBDB-7D18-4845-BAFB-27775FD89ABC}.Release|Any CPU.ActiveCfg = Release|Any CPU
		{B59BCBDB-7D18-4845-BAFB-27775FD89ABC}.Release|Any CPU.Build.0 = Release|Any CPU
		{E95F5D32-362C-4CD9-A256-151A9F812825}.Debug|Any CPU.ActiveCfg = Debug|Any CPU
		{E95F5D32-362C-4CD9-A256-151A9F812825}.Debug|Any CPU.Build.0 = Debug|Any CPU
		{E95F5D32-362C-4CD9-A256-151A9F812825}.Release|Any CPU.ActiveCfg = Release|Any CPU
		{E95F5D32-362C-4CD9-A256-151A9F812825}.Release|Any CPU.Build.0 = Release|Any CPU
		{F7A58AD9-3C1A-48CD-B39D-293080610FEE}.Debug|Any CPU.ActiveCfg = Debug|Any CPU
		{F7A58AD9-3C1A-48CD-B39D-293080610FEE}.Debug|Any CPU.Build.0 = Debug|Any CPU
		{F7A58AD9-3C1A-48CD-B39D-293080610FEE}.Release|Any CPU.ActiveCfg = Release|Any CPU
		{F7A58AD9-3C1A-48CD-B39D-293080610FEE}.Release|Any CPU.Build.0 = Release|Any CPU
		{AA12D655-8EE6-4911-AE4C-28BEB84B1E44}.Debug|Any CPU.ActiveCfg = Debug|Any CPU
		{AA12D655-8EE6-4911-AE4C-28BEB84B1E44}.Debug|Any CPU.Build.0 = Debug|Any CPU
		{AA12D655-8EE6-4911-AE4C-28BEB84B1E44}.Release|Any CPU.ActiveCfg = Release|Any CPU
		{AA12D655-8EE6-4911-AE4C-28BEB84B1E44}.Release|Any CPU.Build.0 = Release|Any CPU
	EndGlobalSection
	GlobalSection(SolutionProperties) = preSolution
		HideSolutionNode = FALSE
	EndGlobalSection
	GlobalSection(ExtensibilityGlobals) = postSolution
		SolutionGuid = {D0934DE4-12CD-4D65-A3EE-89518E2AE4BB}
	EndGlobalSection
EndGlobal
